{
  "version": "5",
  "specifiers": {
    "jsr:@hexagon/proper-tags@*": "2.0.2",
    "jsr:@libs/qrcode@*": "3.0.0",
    "jsr:@std/encoding@*": "1.0.10",
    "jsr:@std/path@1.0.9": "1.0.9",
    "npm:@axiomhq/js@*": "1.3.1",
    "npm:mathjs@11.11.2": "11.11.2"
  },
  "jsr": {
    "@hexagon/proper-tags@2.0.2": {
      "integrity": "c33ece3140572f4355098380765361ea2f4b596a9ad24467d566f541888ead90"
    },
    "@libs/qrcode@3.0.0": {
      "integrity": "f19ae517f67c33cd1c0ed3a54a46540980de45cb3327d09b21479a75d7222953"
    },
    "@std/encoding@1.0.10": {
      "integrity": "8783c6384a2d13abd5e9e87a7ae0520a30e9f56aeeaa3bdf910a3eaaf5c811a1"
    },
    "@std/path@1.0.9": {
      "integrity": "260a49f11edd3db93dd38350bf9cd1b4d1366afa98e81b86167b4e3dd750129e"
    }
  },
  "npm": {
    "@axiomhq/js@1.3.1": {
      "integrity": "sha512-Ytf5V3wKz8FKNiqJxnqZmUhjgJ7TItKUoyHVNE/H2V9dN1ozD6NNnsueenOjKdA48cm2sGRyP432nworst18aA==",
      "dependencies": [
        "fetch-retry",
        "uuid"
      ]
    },
    "@babel/runtime@7.28.2": {
      "integrity": "sha512-KHp2IflsnGywDjBWDkR9iEqiWSpc8GIi0lgTT3mOElT0PP1tG26P4tmFI2YvAdzgq9RGyoHZQEIEdZy6Ec5xCA=="
    },
    "complex.js@2.4.2": {
      "integrity": "sha512-qtx7HRhPGSCBtGiST4/WGHuW+zeaND/6Ld+db6PbrulIB1i2Ev/2UPiqcmpQNPSyfBKraC0EOvOKCB5dGZKt3g=="
    },
    "decimal.js@10.6.0": {
      "integrity": "sha512-YpgQiITW3JXGntzdUmyUR1V812Hn8T1YVXhCu+wO3OpS4eU9l4YdD3qjyiKdV6mvV29zapkMeD390UVEf2lkUg=="
    },
    "escape-latex@1.2.0": {
      "integrity": "sha512-nV5aVWW1K0wEiUIEdZ4erkGGH8mDxGyxSeqPzRNtWP7ataw+/olFObw7hujFWlVjNsaDFw5VZ5NzVSIqRgfTiw=="
    },
    "fetch-retry@6.0.0": {
      "integrity": "sha512-BUFj1aMubgib37I3v4q78fYo63Po7t4HUPTpQ6/QE6yK6cIQrP+W43FYToeTEyg5m2Y7eFUtijUuAv/PDlWuag=="
    },
    "fraction.js@4.3.4": {
      "integrity": "sha512-pwiTgt0Q7t+GHZA4yaLjObx4vXmmdcS0iSJ19o8d/goUGgItX9UZWKWNnLHehxviD8wU2IWRsnR8cD5+yOJP2Q=="
    },
    "javascript-natural-sort@0.7.1": {
      "integrity": "sha512-nO6jcEfZWQXDhOiBtG2KvKyEptz7RVbpGP4vTD2hLBdmNQSsCiicO2Ioinv6UI4y9ukqnBpy+XZ9H6uLNgJTlw=="
    },
    "mathjs@11.11.2": {
      "integrity": "sha512-SL4/0Fxm9X4sgovUpJTeyVeZ2Ifnk4tzLPTYWDyR3AIx9SabnXYqtCkyJtmoF3vZrDPKGkLvrhbIL4YN2YbXLQ==",
      "dependencies": [
        "@babel/runtime",
        "complex.js",
        "decimal.js",
        "escape-latex",
        "fraction.js",
        "javascript-natural-sort",
        "seedrandom",
        "tiny-emitter",
        "typed-function"
      ],
      "bin": true
    },
    "seedrandom@3.0.5": {
      "integrity": "sha512-8OwmbklUNzwezjGInmZ+2clQmExQPvomqjL7LFqOYqtmuxRgQYqOD3mHaU+MvZn5FLUeVxVfQjwLZW/n/JFuqg=="
    },
    "tiny-emitter@2.1.0": {
      "integrity": "sha512-NB6Dk1A9xgQPMoGqC5CVXn123gWyte215ONT5Pp5a0yt4nlEoO1ZWeCwpncaekPHXO60i47ihFnZPiRPjRMq4Q=="
    },
    "typed-function@4.2.1": {
      "integrity": "sha512-EGjWssW7Tsk4DGfE+5yluuljS1OGYWiI1J6e8puZz9nTMM51Oug8CD5Zo4gWMsOhq5BI+1bF+rWTm4Vbj3ivRA=="
    },
    "uuid@11.1.0": {
      "integrity": "sha512-0/A9rDy9P7cJ+8w1c9WD9V//9Wj15Ce2MPz8Ri6032usz+NfePxx5AcN3bN+r6ZL6jEo066/yNYB3tn4pQEx+A==",
      "bin": true
    }
  },
  "redirects": {
    "https://esm.sh/@types/common-tags@~1.8.4/index.d.ts": "https://esm.sh/@types/common-tags@1.8.4/index.d.ts",
    "https://esm.sh/preact@%3E=10?target=deno": "https://esm.sh/preact@10.26.9?target=deno",
    "https://lib.deno.dev/std@0.167/dotenv/load.ts": "https://deno.land/std@0.167.0/dotenv/load.ts",
    "https://lib.deno.dev/x/grammy@1.x/mod.ts": "https://deno.land/x/grammy@v1.37.0/mod.ts",
    "https://lib.deno.dev/x/grammy@1/mod.ts": "https://deno.land/x/grammy@v1.37.0/mod.ts",
    "https://lib.deno.dev/x/grammy@1/types.ts": "https://deno.land/x/grammy@v1.37.0/types.ts",
    "https://lib.deno.dev/x/grammy@v1/mod.ts": "https://deno.land/x/grammy@v1.37.0/mod.ts",
    "https://lib.deno.dev/x/grammy@v1/types.ts": "https://deno.land/x/grammy@v1.37.0/types.ts"
  },
  "remote": {
    "https://cdn.skypack.dev/-/debug@v4.3.4-o4liVvMlOnQWbLSYZMXw/dist=es2019,mode=imports/optimized/debug.js": "671100993996e39b501301a87000607916d4d2d9f8fc8e9c5200ae5ba64a1389",
    "https://cdn.skypack.dev/-/http-cache-semantics@v4.2.0-ayuitodc3NV7l3LbWgow/dist=es2019,mode=imports/optimized/http-cache-semantics.js": "5f802d4772ba7f919ebcce41d2b1f3d811f366f08397e30adccee15ff34b379b",
    "https://cdn.skypack.dev/-/ms@v2.1.2-giBDZ1IA5lmQ3ZXaa87V/dist=es2019,mode=imports/optimized/ms.js": "fd88e2d51900437011f1ad232f3393ce97db1b87a7844b3c58dd6d65562c1276",
    "https://cdn.skypack.dev/debug@4.3.4": "7b1d010cc930f71b940ba5941da055bc181115229e29de7214bdb4425c68ea76",
    "https://cdn.skypack.dev/http-cache-semantics?dts": "5690b9a5ba7c641515a9c74ea28b858098844a841e7d32defb85d01da9c88249",
    "https://deno.land/std@0.118.0/_util/assert.ts": "2f868145a042a11d5ad0a3c748dcf580add8a0dbc0e876eaa0026303a5488f58",
    "https://deno.land/std@0.118.0/_util/os.ts": "dfb186cc4e968c770ab6cc3288bd65f4871be03b93beecae57d657232ecffcac",
    "https://deno.land/std@0.118.0/path/_constants.ts": "1247fee4a79b70c89f23499691ef169b41b6ccf01887a0abd131009c5581b853",
    "https://deno.land/std@0.118.0/path/_interface.ts": "1fa73b02aaa24867e481a48492b44f2598cd9dfa513c7b34001437007d3642e4",
    "https://deno.land/std@0.118.0/path/_util.ts": "2e06a3b9e79beaf62687196bd4b60a4c391d862cfa007a20fc3a39f778ba073b",
    "https://deno.land/std@0.118.0/path/common.ts": "f41a38a0719a1e85aa11c6ba3bea5e37c15dd009d705bd8873f94c833568cbc4",
    "https://deno.land/std@0.118.0/path/glob.ts": "ea87985765b977cc284b92771003b2070c440e0807c90e1eb0ff3e095911a820",
    "https://deno.land/std@0.118.0/path/mod.ts": "4465dc494f271b02569edbb4a18d727063b5dbd6ed84283ff906260970a15d12",
    "https://deno.land/std@0.118.0/path/posix.ts": "34349174b9cd121625a2810837a82dd8b986bbaaad5ade690d1de75bbb4555b2",
    "https://deno.land/std@0.118.0/path/separator.ts": "8fdcf289b1b76fd726a508f57d3370ca029ae6976fcde5044007f062e643ff1c",
    "https://deno.land/std@0.118.0/path/win32.ts": "11549e8c6df8307a8efcfa47ad7b2a75da743eac7d4c89c9723a944661c8bd2e",
    "https://deno.land/std@0.154.0/_deno_unstable.ts": "4ddb8672d49d58b5bbc4a5a7a2f1b3bce4fd06aa4c8b8476728334391667de7b",
    "https://deno.land/std@0.154.0/async/abortable.ts": "87aa7230be8360c24ad437212311c9e8d4328854baec27b4c7abb26e85515c06",
    "https://deno.land/std@0.154.0/async/deadline.ts": "48ac998d7564969f3e6ec6b6f9bf0217ebd00239b1b2292feba61272d5dd58d0",
    "https://deno.land/std@0.154.0/async/debounce.ts": "de5433bff08a2bb61416fc53b3bd2d5867090c8a815465e5b4a10a77495b1051",
    "https://deno.land/std@0.154.0/async/deferred.ts": "c01de44b9192359cebd3fe93273fcebf9e95110bf3360023917da9a2d1489fae",
    "https://deno.land/std@0.154.0/async/delay.ts": "d5a169caede8e1c5d46b3f25eab97db5fd1ab193fc82a53bafd3642ac42ca3c7",
    "https://deno.land/std@0.154.0/async/mod.ts": "dd0a8ed4f3984ffabe2fcca7c9f466b7932d57b1864ffee148a5d5388316db6b",
    "https://deno.land/std@0.154.0/async/mux_async_iterator.ts": "3447b28a2a582224a3d4d3596bccbba6e85040da3b97ed64012f7decce98d093",
    "https://deno.land/std@0.154.0/async/pool.ts": "ef9eb97b388543acbf0ac32647121e4dbe629236899586c4d4311a8770fbb239",
    "https://deno.land/std@0.154.0/async/tee.ts": "d27680d911816fcb3d231e16d690e7588079e66a9b2e5ce8cc354db94fdce95f",
    "https://deno.land/std@0.154.0/http/http_status.ts": "897575a7d6bc2b9123f6a38ecbc0f03d95a532c5d92029315dc9f508e12526b8",
    "https://deno.land/std@0.154.0/http/server.ts": "e2e16f0b124ffef022ad04797d4250d6e4fc0d9579780999091949b17789dd1a",
    "https://deno.land/std@0.167.0/dotenv/load.ts": "9adeb1fb395f991f958a06c8b3adafdcbac0056e7a6a35bf9d33eab6347ef63c",
    "https://deno.land/std@0.167.0/dotenv/mod.ts": "9846f28b263c0c793345d74939f69bf34b46446aa2450e070c10a2140064165a",
    "https://deno.land/std@0.167.0/dotenv/util.ts": "6cc392f087577a26a27f0463f77cc0c31a390aa055917099935b36eb2454592d",
    "https://deno.land/std@0.211.0/path/_common/assert_path.ts": "2ca275f36ac1788b2acb60fb2b79cb06027198bc2ba6fb7e163efaedde98c297",
    "https://deno.land/std@0.211.0/path/_common/basename.ts": "569744855bc8445f3a56087fd2aed56bdad39da971a8d92b138c9913aecc5fa2",
    "https://deno.land/std@0.211.0/path/_common/constants.ts": "dc5f8057159f4b48cd304eb3027e42f1148cf4df1fb4240774d3492b5d12ac0c",
    "https://deno.land/std@0.211.0/path/_common/strip_trailing_separators.ts": "7024a93447efcdcfeaa9339a98fa63ef9d53de363f1fbe9858970f1bba02655a",
    "https://deno.land/std@0.211.0/path/_os.ts": "8fb9b90fb6b753bd8c77cfd8a33c2ff6c5f5bc185f50de8ca4ac6a05710b2c15",
    "https://deno.land/std@0.211.0/path/basename.ts": "5d341aadb7ada266e2280561692c165771d071c98746fcb66da928870cd47668",
    "https://deno.land/std@0.211.0/path/posix/_util.ts": "1e3937da30f080bfc99fe45d7ed23c47dd8585c5e473b2d771380d3a6937cf9d",
    "https://deno.land/std@0.211.0/path/posix/basename.ts": "39ee27a29f1f35935d3603ccf01d53f3d6e0c5d4d0f84421e65bd1afeff42843",
    "https://deno.land/std@0.211.0/path/windows/_util.ts": "d5f47363e5293fced22c984550d5e70e98e266cc3f31769e1710511803d04808",
    "https://deno.land/std@0.211.0/path/windows/basename.ts": "e2dbf31d1d6385bfab1ce38c333aa290b6d7ae9e0ecb8234a654e583cf22f8fe",
    "https://deno.land/std@0.69.0/encoding/base64.ts": "79c67b8a9d911eff89cafd84749587a2851a7bb3bed4e952f6cf4c2ff97ae120",
    "https://deno.land/std@0.69.0/encoding/hex.ts": "8dc1489e66b22fec26950c7a55391b12be0d9f9a80cbc7b422700cdff85cd2f7",
    "https://deno.land/std@0.69.0/encoding/utf8.ts": "8654fa820aa69a37ec5eb11908e20b39d056c9bf1c23ab294303ff467f3d50a1",
    "https://deno.land/std@0.69.0/fmt/colors.ts": "ce9375edade12ca09c257743f223fc469d72578d0c74a55cbf1a34f6198ce3df",
    "https://deno.land/std@0.69.0/hash/_wasm/hash.ts": "005f64c4d9343ecbc91e0da9ae5e800f146c20930ad829bbb872c5c06bd89c5f",
    "https://deno.land/std@0.69.0/hash/_wasm/wasm.js": "10c91f7551443bd49b8ced10df7d5c2ce9a447d224eccc6d51f77730e074cdfe",
    "https://deno.land/std@0.69.0/hash/hasher.ts": "099c9e2a91b9f106b9f01379705e17e7d9de392ee1ea2b8684a2adfa82ac3bfc",
    "https://deno.land/std@0.69.0/hash/mod.ts": "e764a6a9ab2f5519a97f928e17cc13d984e3dd5c7f742ff9c1c8fb3114790f0c",
    "https://deno.land/x/atlas_sdk@v1.1.3/client.ts": "f60e13e3efc0ded373b91c477810ac7a084b02a0ad6c70c24eeb1dfe178c0d4b",
    "https://deno.land/x/atlas_sdk@v1.1.3/deps.ts": "319e7d5748249b7f9d0ce9f89a3c9d42960c8de340d74b2be578d68ab2db5ba7",
    "https://deno.land/x/atlas_sdk@v1.1.3/mod.ts": "b0fcaecd9487ca16546fafa7a7dab2ba54ba056d56cc859993aaefd8a48aa391",
    "https://deno.land/x/debug@0.2.0/colors.ts": "a05af5a6bc4fabb79db34ca215f177f010eafe09a3cd2278e142a122bfab5585",
    "https://deno.land/x/debug@0.2.0/debug.ts": "6378213af1826e6ad870d8ffb075336ce64ea33b472ea952a38fcd6b68ee54ec",
    "https://deno.land/x/debug@0.2.0/deps.ts": "c00793c24e4d0a15c796c7ef3b9a9a3ac4ea06cad9ef7c68bcb538310e262ea0",
    "https://deno.land/x/debug@0.2.0/format.ts": "e5c81071cdb2e529b2dc3aa379428217a49af45bf59b6511812e2bba9023f1bc",
    "https://deno.land/x/debug@0.2.0/mod.ts": "32e961550c7358a88a9bb2606ac70eeb168305298f5ae1e9536018d8f0c54118",
    "https://deno.land/x/grammy@v1.35.0/bot.ts": "477241b42959a7721292259b958da0601a3f50bb6cc07a642c8f74ccc3226a6c",
    "https://deno.land/x/grammy@v1.35.0/composer.ts": "dab5a40d8a6fdc734bfb218f8b2e4ef846c05b833219ddd3fdee3f145bb2660b",
    "https://deno.land/x/grammy@v1.35.0/context.ts": "322cca2e621dff75bfa681895705ba2fe39aa266430a168e9c41b8cb0120f610",
    "https://deno.land/x/grammy@v1.35.0/convenience/constants.ts": "1560129784be52f49aa0bea8716f09ed00dac367fef195be6a2c09bdfc43fb99",
    "https://deno.land/x/grammy@v1.35.0/convenience/frameworks.ts": "466438ae1c30be83a261968f7f7365f1529724dd476f60e31ed6c631264646a6",
    "https://deno.land/x/grammy@v1.35.0/convenience/inline_query.ts": "409d1940c7670708064efa495003bcbfdf6763a756b2e6303c464489fd3394ff",
    "https://deno.land/x/grammy@v1.35.0/convenience/input_media.ts": "7af72a5fdb1af0417e31b1327003f536ddfdf64e06ab8bc7f5da6b574de38658",
    "https://deno.land/x/grammy@v1.35.0/convenience/keyboard.ts": "dcfdc05f51758855d31dc80637798e0ca1d7f9b85038a6e9e600522e7cdac490",
    "https://deno.land/x/grammy@v1.35.0/convenience/session.ts": "5e4b976528a0b3d7893645ac23e2e35e78671af578a3aed5efb4b621e7e9b6da",
    "https://deno.land/x/grammy@v1.35.0/convenience/webhook.ts": "722f6da8de7578ecfcd263ca07ec3b81f09e7f243fdf2a887ac0e6cab509e116",
    "https://deno.land/x/grammy@v1.35.0/core/api.ts": "0c5ae6b8140ec094127b5c82b926187b4a53f76a1833c8fcc8b940415c229be9",
    "https://deno.land/x/grammy@v1.35.0/core/client.ts": "44a9f9fd6dc7eb8ab3c57dab3f550ef5ec53142c5df16ab5501da8e3ea62dcff",
    "https://deno.land/x/grammy@v1.35.0/core/error.ts": "5245f18f273da6be364f525090c24d2e9a282c180904f674f66946f2b2556247",
    "https://deno.land/x/grammy@v1.35.0/core/payload.ts": "420e17c3c2830b5576ea187cfce77578fe09f1204b25c25ea2f220ca7c86e73b",
    "https://deno.land/x/grammy@v1.35.0/filter.ts": "dd30fa957e37a0857e471157bc5a21a13b8f5c3d145b512679aefb3ff5174670",
    "https://deno.land/x/grammy@v1.35.0/mod.ts": "7723e08709ff7fd01df3e463503e14e4fd1a581669380eed70351e1121e8a833",
    "https://deno.land/x/grammy@v1.35.0/platform.deno.ts": "68272a7e1d9a2d74d8a45342526485dbc0531dee812f675d7f8a4e7fc8393028",
    "https://deno.land/x/grammy@v1.35.0/types.deno.ts": "ab016c3569d7cf44f2992dcd5b3df63845262661948848205f1e7dda4d2ec126",
    "https://deno.land/x/grammy@v1.35.0/types.ts": "729415590dfa188dbe924dea614dff4e976babdbabb28a307b869fc25777cdf0",
    "https://deno.land/x/grammy@v1.37.0/bot.ts": "b0e3159726c9873787ab7a06c2bcf5b8bb90da3493486b31a50cf260534bfa9e",
    "https://deno.land/x/grammy@v1.37.0/composer.ts": "4fcfc5c5b68107c0e0f24a9b00a5f3cf8d4ed0adee964be17005d96782e09562",
    "https://deno.land/x/grammy@v1.37.0/context.ts": "64758ed7ba6f49b4181cbbdcf3b8ed8e5807ea1a7fef8e5fc14e01d0a044d3ab",
    "https://deno.land/x/grammy@v1.37.0/convenience/constants.ts": "1560129784be52f49aa0bea8716f09ed00dac367fef195be6a2c09bdfc43fb99",
    "https://deno.land/x/grammy@v1.37.0/convenience/frameworks.ts": "e78afd522b62202053c09dc119ff282d356d85845a05af6d678a4ffa7ca3037d",
    "https://deno.land/x/grammy@v1.37.0/convenience/inline_query.ts": "409d1940c7670708064efa495003bcbfdf6763a756b2e6303c464489fd3394ff",
    "https://deno.land/x/grammy@v1.37.0/convenience/input_media.ts": "7af72a5fdb1af0417e31b1327003f536ddfdf64e06ab8bc7f5da6b574de38658",
    "https://deno.land/x/grammy@v1.37.0/convenience/keyboard.ts": "dc5d3f53d0f6a15600ced9b40c85debe55a5d381436826b4cdede18c84bd6bae",
    "https://deno.land/x/grammy@v1.37.0/convenience/session.ts": "5e4b976528a0b3d7893645ac23e2e35e78671af578a3aed5efb4b621e7e9b6da",
    "https://deno.land/x/grammy@v1.37.0/convenience/webhook.ts": "722f6da8de7578ecfcd263ca07ec3b81f09e7f243fdf2a887ac0e6cab509e116",
    "https://deno.land/x/grammy@v1.37.0/core/api.ts": "38b658df9908c7aaa24d3591d291b71341976a727322b3988ff359d39378413c",
    "https://deno.land/x/grammy@v1.37.0/core/client.ts": "f0acb24fc16a7a41727db4de0799f4153fe3b8d9571931dbbaa89da97030bcae",
    "https://deno.land/x/grammy@v1.37.0/core/error.ts": "5245f18f273da6be364f525090c24d2e9a282c180904f674f66946f2b2556247",
    "https://deno.land/x/grammy@v1.37.0/core/payload.ts": "420e17c3c2830b5576ea187cfce77578fe09f1204b25c25ea2f220ca7c86e73b",
    "https://deno.land/x/grammy@v1.37.0/filter.ts": "7cb201ec516169dac08746ac0a1422fff72242d18f71e41c5ecf5db337c92657",
    "https://deno.land/x/grammy@v1.37.0/mod.ts": "a973e356760eed1b58bc89280e6eb41bbdf74035f6348c08d6cebf50da1dac34",
    "https://deno.land/x/grammy@v1.37.0/platform.deno.ts": "68272a7e1d9a2d74d8a45342526485dbc0531dee812f675d7f8a4e7fc8393028",
    "https://deno.land/x/grammy@v1.37.0/types.deno.ts": "f20dadf189974a5978012b6fa8c0e1124713a5f289eb07da32acb839492bc7c1",
    "https://deno.land/x/grammy@v1.37.0/types.ts": "729415590dfa188dbe924dea614dff4e976babdbabb28a307b869fc25777cdf0",
    "https://deno.land/x/grammy_commands@v1.0.5/command-group.ts": "cbf31e403e8eee21316067681d05e236f12e331bafc0deb0e5f81071896e30b3",
    "https://deno.land/x/grammy_commands@v1.0.5/command.ts": "a6bd7a80106c18667606b9db288d7f2922be9fa097c4077a5da36f1f9eb99023",
    "https://deno.land/x/grammy_commands@v1.0.5/context.ts": "c0c2e76878049ae3d4bc0c78c9b26514b6a6827c32ec09b442b5c3b7357b14af",
    "https://deno.land/x/grammy_commands@v1.0.5/deps.deno.ts": "808778eef8afb56036f56bed02c34818370cd201cf190527c2468463a98c2244",
    "https://deno.land/x/grammy_commands@v1.0.5/language-codes.ts": "2c882b7030f44ecf4aa7ce3ac113ba6e24600b11fffdae744bb3a2957221c6c5",
    "https://deno.land/x/grammy_commands@v1.0.5/mod.ts": "cae6d850d73c4a203f6b0deae137aaa44e458a8944fd64ce856a9c1e410b9a73",
    "https://deno.land/x/grammy_commands@v1.0.5/types.ts": "00d5543a7fe14e62a702052abac166e3436ba5abc766548cbf9ba2d701b2572a",
    "https://deno.land/x/grammy_commands@v1.0.5/utils/array.ts": "4018f3b0f30ff2afdcd061640a672c205905d14e895cccd719ec4b6b6b2a6e3d",
    "https://deno.land/x/grammy_commands@v1.0.5/utils/checks.ts": "4e38ecd9736d5dc759cc6b7a635784f7e5cd478278f05e4f21411567e85a856d",
    "https://deno.land/x/grammy_commands@v1.0.5/utils/errors.ts": "200f9ea991c0f10d99596e3f14f87b2abdd12429d87f2cc439907f32a95a7484",
    "https://deno.land/x/grammy_commands@v1.0.5/utils/jaro-winkler.ts": "3ae12f6f896d078ad55206509ead18a919bc00747075c9468f3f3e971c8a8250",
    "https://deno.land/x/grammy_commands@v1.0.5/utils/set-bot-commands.ts": "2d869ecfd649bb9f7df9ee12a9a517b1e90b114e2758606372b16cac179f0393",
    "https://deno.land/x/grammy_conversations@v2.0.1/conversation.ts": "abe044eef68249bd4564114971d9e1191b8b4aea09f910668e5cf867749c17fd",
    "https://deno.land/x/grammy_conversations@v2.0.1/deps.deno.ts": "a350861a6231f4116d747b306a24400b58831297cc869917d71fea03adb7a21c",
    "https://deno.land/x/grammy_conversations@v2.0.1/engine.ts": "66d894cf4b4ed650f5db87b08097f74fb16cb194f4f3631ae0b790eb37f1d3b0",
    "https://deno.land/x/grammy_conversations@v2.0.1/form.ts": "34738b38c6eb89667f09c8b42c96a8034cc4f117940523e0865a6348c468d5d1",
    "https://deno.land/x/grammy_conversations@v2.0.1/menu.ts": "ffb424e71a33bc2356ac478fa83751b914aa83d68264460637570ee2effe4a00",
    "https://deno.land/x/grammy_conversations@v2.0.1/mod.ts": "30f000df07292f6c01f4c0760aa9f597bd94f29519936ecd35c7b251bb8bba00",
    "https://deno.land/x/grammy_conversations@v2.0.1/nope.ts": "1bcd6961347c7144818281fb508af58c34ee33de8b6f60b4a871a05fc869a4c5",
    "https://deno.land/x/grammy_conversations@v2.0.1/plugin.ts": "66af5982aea12e7eee5826430b3e64c9d02517757beada2a1ef877fea807566a",
    "https://deno.land/x/grammy_conversations@v2.0.1/resolve.ts": "eda94d460a34b3c352d9d3479d082db5dfc0863063e34c957107333b6b4450bf",
    "https://deno.land/x/grammy_conversations@v2.0.1/state.ts": "fb98d6410bee9b109b580da8a3c4d873f661872e878151b2837aa09b7eceb613",
    "https://deno.land/x/grammy_conversations@v2.0.1/storage.ts": "6b8fa7f5a712c650946c1a5ecdfb24339d0c630f85a48cbddf8342447e84ec88",
    "https://deno.land/x/grammy_storages@v2.5.1/denokv/src/adapter.ts": "4db9e2289ded90ee86002baf0341043086431d55111d1f1e2c464323b9be7738",
    "https://deno.land/x/grammy_storages@v2.5.1/denokv/src/deps.ts": "13bb68745f9737e6f06164a2bb674e4655fb3554e2461cf75a1787c947422346",
    "https://deno.land/x/grammy_types@v3.19.0/api.ts": "ae04d6628e3d25ae805bc07a19475065044fc44cde0a40877405bc3544d03a5f",
    "https://deno.land/x/grammy_types@v3.19.0/inline.ts": "9afd0340eafd22acb163f2f680d58b85719f0edc92dffa4d259fc5232e543d23",
    "https://deno.land/x/grammy_types@v3.19.0/langs.ts": "5f5fd09c58ba3ae942dd7cea2696f95587d2032c1829bba4bca81762b7ef73b6",
    "https://deno.land/x/grammy_types@v3.19.0/manage.ts": "78e7e0ec5491d07cf1d8630801f8024378d812cf6bd1144074d90297cc37bd52",
    "https://deno.land/x/grammy_types@v3.19.0/markup.ts": "b989e0712f9731c59e6cb308371b1722d823dd55de3d6bcaf3e4ed645a42e1f9",
    "https://deno.land/x/grammy_types@v3.19.0/message.ts": "172e9d88d99cf4706f8ccb52c64d0d1b811e0858ce55e8c90445be723f816fcf",
    "https://deno.land/x/grammy_types@v3.19.0/methods.ts": "8d1811d03cee5fe750daa62d6fdda78a5bbabf7664a2a60a85c85906ed2fc1a9",
    "https://deno.land/x/grammy_types@v3.19.0/mod.ts": "7ecea1d3f7085d64419b78183039c78d70d655aeaa8b07f118ffbfb823f5b0b7",
    "https://deno.land/x/grammy_types@v3.19.0/passport.ts": "19820e7d6c279521f8bc8912d6a378239f73d4ab525453808994b5f44ef95215",
    "https://deno.land/x/grammy_types@v3.19.0/payment.ts": "7d00b54b1e70168834d29db60d20d46b1e2133e934499bfd5a58040cb95a598c",
    "https://deno.land/x/grammy_types@v3.19.0/settings.ts": "f8ff810da6f1007ed24cd504809bf46820229c395ff9bfc3e5c8ceaef5b2aae1",
    "https://deno.land/x/grammy_types@v3.19.0/update.ts": "71cc0d5ec860149b71415ba03282b1d7edd0466b36e2789521a3b3a3d7796493",
    "https://deno.land/x/grammy_types@v3.21.0/api.ts": "ae04d6628e3d25ae805bc07a19475065044fc44cde0a40877405bc3544d03a5f",
    "https://deno.land/x/grammy_types@v3.21.0/checklist.ts": "6b3138470069c4227dfff51bf7409b6b3cd25155a245f6f307d7a1dcc98d8881",
    "https://deno.land/x/grammy_types@v3.21.0/inline.ts": "9afd0340eafd22acb163f2f680d58b85719f0edc92dffa4d259fc5232e543d23",
    "https://deno.land/x/grammy_types@v3.21.0/langs.ts": "5f5fd09c58ba3ae942dd7cea2696f95587d2032c1829bba4bca81762b7ef73b6",
    "https://deno.land/x/grammy_types@v3.21.0/manage.ts": "e2e3c6e087212c77ecedcb37aaf5861425904ff8c5d3c5c37445100a340f2dc6",
    "https://deno.land/x/grammy_types@v3.21.0/markup.ts": "b989e0712f9731c59e6cb308371b1722d823dd55de3d6bcaf3e4ed645a42e1f9",
    "https://deno.land/x/grammy_types@v3.21.0/message.ts": "da79e4367b349f612ecbf56370332b26851060df11c8e361c71ad8f475abaf87",
    "https://deno.land/x/grammy_types@v3.21.0/methods.ts": "8b8a2e2440295d7872dd1ae0259f4093dcfde0a5eb069a2dbc0c785091d6ebd3",
    "https://deno.land/x/grammy_types@v3.21.0/mod.ts": "73efb15e1fb664c99ea32fa707a8cd3ed5ff4a1e21fba2fe1ddc78bb476ef84d",
    "https://deno.land/x/grammy_types@v3.21.0/passport.ts": "19820e7d6c279521f8bc8912d6a378239f73d4ab525453808994b5f44ef95215",
    "https://deno.land/x/grammy_types@v3.21.0/payment.ts": "c2c8cc8d09b3cbeb93a47a34e871d6629072c0fb1908070ea126ed268e8d8d16",
    "https://deno.land/x/grammy_types@v3.21.0/settings.ts": "f8ff810da6f1007ed24cd504809bf46820229c395ff9bfc3e5c8ceaef5b2aae1",
    "https://deno.land/x/grammy_types@v3.21.0/story.ts": "f558c6e6054a43fa1403c2376f7c0b51e2138f4e0d13f0f6e870ffd1cd085ae2",
    "https://deno.land/x/grammy_types@v3.21.0/update.ts": "71cc0d5ec860149b71415ba03282b1d7edd0466b36e2789521a3b3a3d7796493",
    "https://deno.land/x/httpcache@0.1.2/in_memory.ts": "9f7d2d1600f64934c45493bf300475f3edef8ca540da60f308bda32d30de849e",
    "https://deno.land/x/httpcache@0.1.2/mod.ts": "1247683a7e4f573759afb47709b2b5cd954986cfc4882ed7cc3a21b0e959be58",
    "https://deno.land/x/lru@1.0.2/mod.ts": "1d44b87c4d40ff33749ae5fd85fe234344e0dace835fdfeb48413edea9461159",
    "https://deno.land/x/media_types@v2.11.1/db.ts": "1eac2b1b57195e41d7e40d7b236a3adeb93b4fa18084b4c9db49144fe685c78d",
    "https://deno.land/x/media_types@v2.11.1/mod.ts": "1be09ec3626332f9fe52a8a9ede852bb76d2207f84bec1f1b16c10555478008f",
    "https://deno.land/x/pix@v2.0.6/crc16.ts": "ce6726dd182f722807a860df0a33236bef4e21fae6c423e683240a1d73ceb266",
    "https://deno.land/x/pix@v2.0.6/mod.ts": "cfecca252eabb62219c855a59b9a2e4a36000053410dc4452543366c9cde2b6d",
    "https://deno.land/x/pix@v2.0.6/pix.ts": "8d3a2570f7a519e22a6fce20fc960c3d2ada56b69a2f7a424b5170572c951866",
    "https://deno.land/x/sift@0.6.0/mod.ts": "d156582201226616af9c27cf93ee06610fc907700dcc09802e3741d2b14042bd",
    "https://deno.land/x/web_bson@v0.3.0/mod.js": "8e14aecd31ee63abd30e2dbaa284b4b67abb7ba51fcef5b96af74727cb7c7940",
    "https://deno.land/x/zod@v3.24.2/ZodError.ts": "27b41119736fcdc69cc72e63838bed1e9e1210c7ce721211f02256e06b443b55",
    "https://deno.land/x/zod@v3.24.2/errors.ts": "5285922d2be9700cc0c70c95e4858952b07ae193aa0224be3cbd5cd5567eabef",
    "https://deno.land/x/zod@v3.24.2/external.ts": "a6cfbd61e9e097d5f42f8a7ed6f92f93f51ff927d29c9fbaec04f03cbce130fe",
    "https://deno.land/x/zod@v3.24.2/helpers/enumUtil.ts": "54efc393cc9860e687d8b81ff52e980def00fa67377ad0bf8b3104f8a5bf698c",
    "https://deno.land/x/zod@v3.24.2/helpers/errorUtil.ts": "7a77328240be7b847af6de9189963bd9f79cab32bbc61502a9db4fe6683e2ea7",
    "https://deno.land/x/zod@v3.24.2/helpers/parseUtil.ts": "c14814d167cc286972b6e094df88d7d982572a08424b7cd50f862036b6fcaa77",
    "https://deno.land/x/zod@v3.24.2/helpers/partialUtil.ts": "998c2fe79795257d4d1cf10361e74492f3b7d852f61057c7c08ac0a46488b7e7",
    "https://deno.land/x/zod@v3.24.2/helpers/typeAliases.ts": "0fda31a063c6736fc3cf9090dd94865c811dfff4f3cb8707b932bf937c6f2c3e",
    "https://deno.land/x/zod@v3.24.2/helpers/util.ts": "30c273131661ca5dc973f2cfb196fa23caf3a43e224cdde7a683b72e101a31fc",
    "https://deno.land/x/zod@v3.24.2/index.ts": "d27aabd973613985574bc31f39e45cb5d856aa122ef094a9f38a463b8ef1a268",
    "https://deno.land/x/zod@v3.24.2/locales/en.ts": "a7a25cd23563ccb5e0eed214d9b31846305ddbcdb9c5c8f508b108943366ab4c",
    "https://deno.land/x/zod@v3.24.2/mod.ts": "ec6e2b1255c1a350b80188f97bd0a6bac45801bb46fc48f50b9763aa66046039",
    "https://deno.land/x/zod@v3.24.2/standard-schema.ts": "4abb2e7bd784fb95d219584673971bb317e74fb4fd0c74c196b558ba46df4456",
    "https://deno.land/x/zod@v3.24.2/types.ts": "91f825106bcf5b2ba08daa108283aadc32c0ac332f09c9a90db3d88b142476a3",
    "https://esm.sh/common-tags@1.8.2": "f7df1e2eea8b9593aca5cab7efe52ce953c147c2a5e866239207b6a15b0ce489",
    "https://esm.sh/common-tags@1.8.2/denonext/common-tags.mjs": "74a5d9fd9310f155ee8d148c02a773dc22a8e8901cb9653019dc5400eea6a6c4",
    "https://esm.sh/preact-render-to-string@5.2.4/deno/preact-render-to-string.mjs": "fd3984a18162fd456ee9bdaf20c32bcf401b30db0efe2e9e5f23afa9b0fd7748",
    "https://esm.sh/preact-render-to-string@5.2.4?target=deno": "0009f408a73870741bbada82699372da56e39f5ef19d909bdff53bd5a122546b",
    "https://esm.sh/preact@10.10.6/deno/preact.mjs": "faed151e239af5a78b535bbef420f14da067eee75418f2dff3443d7649e879e5",
    "https://esm.sh/preact@10.10.6?target=deno": "79dd3cfa108f7f73fddc1695f66267cd81e536158ca99b58571ea809818516f5",
    "https://esm.sh/preact@10.26.9/deno/preact.mjs": "4cd7a49dac13e586b0e110cfa468caa933fd3dc7c101de55642a3771a4f242cf",
    "https://esm.sh/preact@10.26.9?target=deno": "e72535ae42ba7b7a8d6ead8ecf88a1b301b34554d69aaf304cb2a146e633fe53",
    "https://raw.githubusercontent.com/denorg/qrcode/87101e061a7b1f9f9d5ddb304ca8c9e99262e9e1/mod.ts": "2104c34967c7a95093c0cd1068d5b45d79ead16637ca62b3116adad834adc326",
    "https://raw.githubusercontent.com/denorg/qrcode/87101e061a7b1f9f9d5ddb304ca8c9e99262e9e1/qrcode.js": "138f870978e21843f48d8b0855b69de6ebf430c3ab9f57c3fa2746d6fba45bf1"
  },
  "workspace": {
    "dependencies": [
      "npm:mathjs@11.11.2"
    ]
  }
}
