{
  "version": "2",
  "remote": {
    "https://cdn.skypack.dev/-/debug@v4.3.4-o4liVvMlOnQWbLSYZMXw/dist=es2019,mode=imports/optimized/debug.js": "671100993996e39b501301a87000607916d4d2d9f8fc8e9c5200ae5ba64a1389",
    "https://cdn.skypack.dev/-/http-cache-semantics@v4.1.1-N0bWdwKGKLbWpVco6TJA/dist=es2019,mode=imports/optimized/http-cache-semantics.js": "d2b8a8ddda629c7a915c269ecad2ba761cacad5c6e21bbf34381def053702294",
    "https://cdn.skypack.dev/-/http-cache-semantics@v4.1.1-N0bWdwKGKLbWpVco6TJA/dist=es2019,mode=types/index.d.ts": "cab425b5559edac18327eb2c3c0f47e7e9f71b667290b7689faafd28aac69eae",
    "https://cdn.skypack.dev/-/ms@v2.1.2-giBDZ1IA5lmQ3ZXaa87V/dist=es2019,mode=imports/optimized/ms.js": "fd88e2d51900437011f1ad232f3393ce97db1b87a7844b3c58dd6d65562c1276",
    "https://cdn.skypack.dev/debug@4.3.4": "7b1d010cc930f71b940ba5941da055bc181115229e29de7214bdb4425c68ea76",
    "https://cdn.skypack.dev/http-cache-semantics?dts": "351196d5e6d6b0cd41d8cfcc73f9a741532c8ac5ff1686a2c86d554a2a3dc993",
    "https://deno.land/std@0.118.0/_util/assert.ts": "2f868145a042a11d5ad0a3c748dcf580add8a0dbc0e876eaa0026303a5488f58",
    "https://deno.land/std@0.118.0/_util/os.ts": "dfb186cc4e968c770ab6cc3288bd65f4871be03b93beecae57d657232ecffcac",
    "https://deno.land/std@0.118.0/path/_constants.ts": "1247fee4a79b70c89f23499691ef169b41b6ccf01887a0abd131009c5581b853",
    "https://deno.land/std@0.118.0/path/_interface.ts": "1fa73b02aaa24867e481a48492b44f2598cd9dfa513c7b34001437007d3642e4",
    "https://deno.land/std@0.118.0/path/_util.ts": "2e06a3b9e79beaf62687196bd4b60a4c391d862cfa007a20fc3a39f778ba073b",
    "https://deno.land/std@0.118.0/path/common.ts": "f41a38a0719a1e85aa11c6ba3bea5e37c15dd009d705bd8873f94c833568cbc4",
    "https://deno.land/std@0.118.0/path/glob.ts": "ea87985765b977cc284b92771003b2070c440e0807c90e1eb0ff3e095911a820",
    "https://deno.land/std@0.118.0/path/mod.ts": "4465dc494f271b02569edbb4a18d727063b5dbd6ed84283ff906260970a15d12",
    "https://deno.land/std@0.118.0/path/posix.ts": "34349174b9cd121625a2810837a82dd8b986bbaaad5ade690d1de75bbb4555b2",
    "https://deno.land/std@0.118.0/path/separator.ts": "8fdcf289b1b76fd726a508f57d3370ca029ae6976fcde5044007f062e643ff1c",
    "https://deno.land/std@0.118.0/path/win32.ts": "11549e8c6df8307a8efcfa47ad7b2a75da743eac7d4c89c9723a944661c8bd2e",
    "https://deno.land/std@0.154.0/_deno_unstable.ts": "4ddb8672d49d58b5bbc4a5a7a2f1b3bce4fd06aa4c8b8476728334391667de7b",
    "https://deno.land/std@0.154.0/async/abortable.ts": "87aa7230be8360c24ad437212311c9e8d4328854baec27b4c7abb26e85515c06",
    "https://deno.land/std@0.154.0/async/deadline.ts": "48ac998d7564969f3e6ec6b6f9bf0217ebd00239b1b2292feba61272d5dd58d0",
    "https://deno.land/std@0.154.0/async/debounce.ts": "de5433bff08a2bb61416fc53b3bd2d5867090c8a815465e5b4a10a77495b1051",
    "https://deno.land/std@0.154.0/async/deferred.ts": "c01de44b9192359cebd3fe93273fcebf9e95110bf3360023917da9a2d1489fae",
    "https://deno.land/std@0.154.0/async/delay.ts": "d5a169caede8e1c5d46b3f25eab97db5fd1ab193fc82a53bafd3642ac42ca3c7",
    "https://deno.land/std@0.154.0/async/mod.ts": "dd0a8ed4f3984ffabe2fcca7c9f466b7932d57b1864ffee148a5d5388316db6b",
    "https://deno.land/std@0.154.0/async/mux_async_iterator.ts": "3447b28a2a582224a3d4d3596bccbba6e85040da3b97ed64012f7decce98d093",
    "https://deno.land/std@0.154.0/async/pool.ts": "ef9eb97b388543acbf0ac32647121e4dbe629236899586c4d4311a8770fbb239",
    "https://deno.land/std@0.154.0/async/tee.ts": "d27680d911816fcb3d231e16d690e7588079e66a9b2e5ce8cc354db94fdce95f",
    "https://deno.land/std@0.154.0/http/http_status.ts": "897575a7d6bc2b9123f6a38ecbc0f03d95a532c5d92029315dc9f508e12526b8",
    "https://deno.land/std@0.154.0/http/server.ts": "e2e16f0b124ffef022ad04797d4250d6e4fc0d9579780999091949b17789dd1a",
    "https://deno.land/std@0.190.0/_util/asserts.ts": "178dfc49a464aee693a7e285567b3d0b555dc805ff490505a8aae34f9cfb1462",
    "https://deno.land/std@0.190.0/_util/os.ts": "d932f56d41e4f6a6093d56044e29ce637f8dcc43c5a90af43504a889cf1775e3",
    "https://deno.land/std@0.190.0/fs/_util.ts": "579038bebc3bd35c43a6a7766f7d91fbacdf44bc03468e9d3134297bb99ed4f9",
    "https://deno.land/std@0.190.0/fs/copy.ts": "14214efd94fc3aa6db1e4af2b4b9578e50f7362b7f3725d5a14ad259a5df26c8",
    "https://deno.land/std@0.190.0/fs/empty_dir.ts": "c3d2da4c7352fab1cf144a1ecfef58090769e8af633678e0f3fabaef98594688",
    "https://deno.land/std@0.190.0/fs/ensure_dir.ts": "dc64c4c75c64721d4e3fb681f1382f803ff3d2868f08563ff923fdd20d071c40",
    "https://deno.land/std@0.190.0/fs/ensure_file.ts": "c38602670bfaf259d86ca824a94e6cb9e5eb73757fefa4ebf43a90dd017d53d9",
    "https://deno.land/std@0.190.0/fs/ensure_link.ts": "c0f5b2f0ec094ed52b9128eccb1ee23362a617457aa0f699b145d4883f5b2fb4",
    "https://deno.land/std@0.190.0/fs/ensure_symlink.ts": "5006ab2f458159c56d689b53b1e48d57e05eeb1eaf64e677f7f76a30bc4fdba1",
    "https://deno.land/std@0.190.0/fs/eol.ts": "f1f2eb348a750c34500741987b21d65607f352cf7205f48f4319d417fff42842",
    "https://deno.land/std@0.190.0/fs/exists.ts": "29c26bca8584a22876be7cb8844f1b6c8fc35e9af514576b78f5c6884d7ed02d",
    "https://deno.land/std@0.190.0/fs/expand_glob.ts": "e4f56259a0a70fe23f05215b00de3ac5e6ba46646ab2a06ebbe9b010f81c972a",
    "https://deno.land/std@0.190.0/fs/mod.ts": "bc3d0acd488cc7b42627044caf47d72019846d459279544e1934418955ba4898",
    "https://deno.land/std@0.190.0/fs/move.ts": "b4f8f46730b40c32ea3c0bc8eb0fd0e8139249a698883c7b3756424cf19785c9",
    "https://deno.land/std@0.190.0/fs/walk.ts": "920be35a7376db6c0b5b1caf1486fb962925e38c9825f90367f8f26b5e5d0897",
    "https://deno.land/std@0.190.0/path/_constants.ts": "e49961f6f4f48039c0dfed3c3f93e963ca3d92791c9d478ac5b43183413136e0",
    "https://deno.land/std@0.190.0/path/_interface.ts": "6471159dfbbc357e03882c2266d21ef9afdb1e4aa771b0545e90db58a0ba314b",
    "https://deno.land/std@0.190.0/path/_util.ts": "d7abb1e0dea065f427b89156e28cdeb32b045870acdf865833ba808a73b576d0",
    "https://deno.land/std@0.190.0/path/common.ts": "ee7505ab01fd22de3963b64e46cff31f40de34f9f8de1fff6a1bd2fe79380000",
    "https://deno.land/std@0.190.0/path/glob.ts": "d479e0a695621c94d3fd7fe7abd4f9499caf32a8de13f25073451c6ef420a4e1",
    "https://deno.land/std@0.190.0/path/mod.ts": "ee161baec5ded6510ee1d1fb6a75a0f5e4b41f3f3301c92c716ecbdf7dae910d",
    "https://deno.land/std@0.190.0/path/posix.ts": "8b7c67ac338714b30c816079303d0285dd24af6b284f7ad63da5b27372a2c94d",
    "https://deno.land/std@0.190.0/path/separator.ts": "0fb679739d0d1d7bf45b68dacfb4ec7563597a902edbaf3c59b50d5bcadd93b1",
    "https://deno.land/std@0.190.0/path/win32.ts": "d186344e5583bcbf8b18af416d13d82b35a317116e6460a5a3953508c3de5bba",
    "https://deno.land/std@0.192.0/_util/asserts.ts": "178dfc49a464aee693a7e285567b3d0b555dc805ff490505a8aae34f9cfb1462",
    "https://deno.land/std@0.192.0/_util/os.ts": "d932f56d41e4f6a6093d56044e29ce637f8dcc43c5a90af43504a889cf1775e3",
    "https://deno.land/std@0.192.0/async/deferred.ts": "42790112f36a75a57db4a96d33974a936deb7b04d25c6084a9fa8a49f135def8",
    "https://deno.land/std@0.192.0/bytes/bytes_list.ts": "31d664f4d42fa922066405d0e421c56da89d751886ee77bbe25a88bf0310c9d0",
    "https://deno.land/std@0.192.0/bytes/copy.ts": "939d89e302a9761dcf1d9c937c7711174ed74c59eef40a1e4569a05c9de88219",
    "https://deno.land/std@0.192.0/io/buffer.ts": "17f4410eaaa60a8a85733e8891349a619eadfbbe42e2f319283ce2b8f29723ab",
    "https://deno.land/std@0.192.0/path/_constants.ts": "e49961f6f4f48039c0dfed3c3f93e963ca3d92791c9d478ac5b43183413136e0",
    "https://deno.land/std@0.192.0/path/_interface.ts": "6471159dfbbc357e03882c2266d21ef9afdb1e4aa771b0545e90db58a0ba314b",
    "https://deno.land/std@0.192.0/path/_util.ts": "d7abb1e0dea065f427b89156e28cdeb32b045870acdf865833ba808a73b576d0",
    "https://deno.land/std@0.192.0/path/common.ts": "ee7505ab01fd22de3963b64e46cff31f40de34f9f8de1fff6a1bd2fe79380000",
    "https://deno.land/std@0.192.0/path/glob.ts": "d479e0a695621c94d3fd7fe7abd4f9499caf32a8de13f25073451c6ef420a4e1",
    "https://deno.land/std@0.192.0/path/mod.ts": "f065032a7189404fdac3ad1a1551a9ac84751d2f25c431e101787846c86c79ef",
    "https://deno.land/std@0.192.0/path/posix.ts": "8b7c67ac338714b30c816079303d0285dd24af6b284f7ad63da5b27372a2c94d",
    "https://deno.land/std@0.192.0/path/separator.ts": "0fb679739d0d1d7bf45b68dacfb4ec7563597a902edbaf3c59b50d5bcadd93b1",
    "https://deno.land/std@0.192.0/path/win32.ts": "d186344e5583bcbf8b18af416d13d82b35a317116e6460a5a3953508c3de5bba",
    "https://deno.land/std@0.192.0/streams/_common.ts": "f45cba84f0d813de3326466095539602364a9ba521f804cc758f7a475cda692d",
    "https://deno.land/std@0.192.0/streams/buffer.ts": "d5b3d7d0299114e5b2ea895a8bf202a687fd915c5282f8096c7bae23b5a04407",
    "https://deno.land/std@0.192.0/streams/byte_slice_stream.ts": "225d57263a34325d7c96cb3dafeb478eec0e6fd05cd0458d678752eadd132bb4",
    "https://deno.land/std@0.192.0/streams/copy.ts": "75cbc795ff89291df22ddca5252de88b2e16d40c85d02840593386a8a1454f71",
    "https://deno.land/std@0.192.0/streams/delimiter_stream.ts": "f69e849b3d1f59f02424497273f411105a6f76a9f13da92aeeb9a2d554236814",
    "https://deno.land/std@0.192.0/streams/early_zip_readable_streams.ts": "4005fa74162b943f79899e5d7cb96adcbc0a6b867f9144974ed12d30e0a556e1",
    "https://deno.land/std@0.192.0/streams/iterate_reader.ts": "bbec1d45c2df2c0c5920bad0549351446fdc8e0886d99e95959b259dbcdb6072",
    "https://deno.land/std@0.192.0/streams/limited_bytes_transform_stream.ts": "05dc592ffaab83257494d22dd53917e56243c26e5e3129b3f13ddbbbc4785048",
    "https://deno.land/std@0.192.0/streams/limited_transform_stream.ts": "d69ab790232c1b86f53621ad41ef03c235f2abb4b7a1cd51960ad6e12ee55e38",
    "https://deno.land/std@0.192.0/streams/merge_readable_streams.ts": "dc2db0cbf1b14d999aa2aa2a2a1ba24ce58953878f29845ed9319321d0a01fab",
    "https://deno.land/std@0.192.0/streams/mod.ts": "c07ec010e700b9ea887dc36ca08729828bc7912f711e4054e24d33fd46282252",
    "https://deno.land/std@0.192.0/streams/read_all.ts": "ee319772fb0fd28302f97343cc48dfcf948f154fd0d755d8efe65814b70533be",
    "https://deno.land/std@0.192.0/streams/readable_stream_from_iterable.ts": "cd4bb9e9bf6dbe84c213beb1f5085c326624421671473e410cfaecad15f01865",
    "https://deno.land/std@0.192.0/streams/readable_stream_from_reader.ts": "bfc416c4576a30aac6b9af22c9dc292c20c6742141ee7c55b5e85460beb0c54e",
    "https://deno.land/std@0.192.0/streams/reader_from_iterable.ts": "55f68110dce3f8f2c87b834d95f153bc904257fc65175f9f2abe78455cb8047c",
    "https://deno.land/std@0.192.0/streams/reader_from_stream_reader.ts": "fa4971e5615a010e49492c5d1688ca1a4d17472a41e98b498ab89a64ebd7ac73",
    "https://deno.land/std@0.192.0/streams/text_delimiter_stream.ts": "20e680ab8b751390e359288ce764f9c47d164af11a263870746eeca4bc7d976b",
    "https://deno.land/std@0.192.0/streams/text_line_stream.ts": "0f2c4b33a5fdb2476f2e060974cba1347cefe99a4af33c28a57524b1a34750fa",
    "https://deno.land/std@0.192.0/streams/to_transform_stream.ts": "7f55fc0b14cf3ed0f8d10d8f41d05bdc40726e44a65c37f58705d10a615f0159",
    "https://deno.land/std@0.192.0/streams/writable_stream_from_writer.ts": "56fff5c82fb736fdd669b567cc0b2bbbe0351002cd13254eae26c366e2bed89a",
    "https://deno.land/std@0.192.0/streams/write_all.ts": "aec90152978581ea62d56bb53a5cbf487e6a89c902f87c5969681ffbdf32b998",
    "https://deno.land/std@0.192.0/streams/writer_from_stream_writer.ts": "07c7ee025151a190f37fc42cbb01ff93afc949119ebddc6e0d0df14df1bf6950",
    "https://deno.land/std@0.192.0/streams/zip_readable_streams.ts": "a9d81aa451240f79230add674809dbee038d93aabe286e2d9671e66591fc86ca",
    "https://deno.land/std@0.192.0/types.d.ts": "dbaeb2c4d7c526db9828fc8df89d8aecf53b9ced72e0c4568f97ddd8cda616a4",
    "https://deno.land/std@0.198.0/_util/os.ts": "d932f56d41e4f6a6093d56044e29ce637f8dcc43c5a90af43504a889cf1775e3",
    "https://deno.land/std@0.198.0/assert/assert.ts": "9a97dad6d98c238938e7540736b826440ad8c1c1e54430ca4c4e623e585607ee",
    "https://deno.land/std@0.198.0/assert/assertion_error.ts": "4d0bde9b374dfbcbe8ac23f54f567b77024fb67dbb1906a852d67fe050d42f56",
    "https://deno.land/std@0.198.0/async/deferred.ts": "42790112f36a75a57db4a96d33974a936deb7b04d25c6084a9fa8a49f135def8",
    "https://deno.land/std@0.198.0/bytes/bytes_list.ts": "31d664f4d42fa922066405d0e421c56da89d751886ee77bbe25a88bf0310c9d0",
    "https://deno.land/std@0.198.0/bytes/copy.ts": "939d89e302a9761dcf1d9c937c7711174ed74c59eef40a1e4569a05c9de88219",
    "https://deno.land/std@0.198.0/encoding/base64.ts": "144ae6234c1fbe5b68666c711dc15b1e9ee2aef6d42b3b4345bf9a6c91d70d0d",
    "https://deno.land/std@0.198.0/io/buffer.ts": "4d6883daeb2e698579c4064170515683d69f40f3de019bfe46c5cf31e74ae793",
    "https://deno.land/std@0.198.0/path/_basename.ts": "057d420c9049821f983f784fd87fa73ac471901fb628920b67972b0f44319343",
    "https://deno.land/std@0.198.0/path/_constants.ts": "e49961f6f4f48039c0dfed3c3f93e963ca3d92791c9d478ac5b43183413136e0",
    "https://deno.land/std@0.198.0/path/_dirname.ts": "355e297236b2218600aee7a5301b937204c62e12da9db4b0b044993d9e658395",
    "https://deno.land/std@0.198.0/path/_extname.ts": "eaaa5aae1acf1f03254d681bd6a8ce42a9cb5b7ff2213a9d4740e8ab31283664",
    "https://deno.land/std@0.198.0/path/_format.ts": "4a99270d6810f082e614309164fad75d6f1a483b68eed97c830a506cc589f8b4",
    "https://deno.land/std@0.198.0/path/_from_file_url.ts": "7e4e5626089785adddb061f1b9f4932d6b21c7df778e7449531a11e32048245c",
    "https://deno.land/std@0.198.0/path/_interface.ts": "6471159dfbbc357e03882c2266d21ef9afdb1e4aa771b0545e90db58a0ba314b",
    "https://deno.land/std@0.198.0/path/_is_absolute.ts": "05dac10b5e93c63198b92e3687baa2be178df5321c527dc555266c0f4f51558c",
    "https://deno.land/std@0.198.0/path/_join.ts": "fd78555bc34d5f188918fc7018dfe8fe2df5bbad94a3b30a433666c03934d77f",
    "https://deno.land/std@0.198.0/path/_normalize.ts": "a19ec8706b2707f9dd974662a5cd89fad438e62ab1857e08b314a8eb49a34d81",
    "https://deno.land/std@0.198.0/path/_parse.ts": "0f9b0ff43682dd9964eb1c4398610c4e165d8db9d3ac9d594220217adf480cfa",
    "https://deno.land/std@0.198.0/path/_relative.ts": "27bdeffb5311a47d85be26d37ad1969979359f7636c5cd9fcf05dcd0d5099dc5",
    "https://deno.land/std@0.198.0/path/_resolve.ts": "3bf0287d62488cad08c3c219a9708c4a4c658c65d7b4400fd99afdc3ba10a64d",
    "https://deno.land/std@0.198.0/path/_to_file_url.ts": "739bfda583598790b2e77ce227f2bb618f6ebdb939788cea47555b43970ec58c",
    "https://deno.land/std@0.198.0/path/_to_namespaced_path.ts": "0d5f4caa2ed98ef7a8786286df6af804b50e38859ae897b5b5b4c8c5930a75c8",
    "https://deno.land/std@0.198.0/path/_util.ts": "4e191b1bac6b3bf0c31aab42e5ca2e01a86ab5a0d2e08b75acf8585047a86221",
    "https://deno.land/std@0.198.0/path/basename.ts": "6f08fbb90dbfcf320765b3abb01f995b1723f75e2534acfd5380e202c802a3aa",
    "https://deno.land/std@0.198.0/path/common.ts": "ee7505ab01fd22de3963b64e46cff31f40de34f9f8de1fff6a1bd2fe79380000",
    "https://deno.land/std@0.198.0/path/dirname.ts": "098996822a31b4c46e1eb52a19540d3c6f9f54b772fc8a197939eeabc29fca2f",
    "https://deno.land/std@0.198.0/path/extname.ts": "9b83c62fd16505739541f7a3ab447d8972da39dbf668d47af2f93206c2480893",
    "https://deno.land/std@0.198.0/path/format.ts": "cb22f95cc7853d590b87708cc9441785e760d711188facff3d225305a8213aca",
    "https://deno.land/std@0.198.0/path/from_file_url.ts": "a6221cfc928928ec4d9786d767dfac98fa2ab746af0786446c9834a07b98817e",
    "https://deno.land/std@0.198.0/path/glob.ts": "d479e0a695621c94d3fd7fe7abd4f9499caf32a8de13f25073451c6ef420a4e1",
    "https://deno.land/std@0.198.0/path/is_absolute.ts": "6b3d36352eb7fa29edb53f9e7b09b1aeb022a3c5465764f6cc5b8c41f9736197",
    "https://deno.land/std@0.198.0/path/join.ts": "4a2867ff2f3c81ffc9eb3d56dade16db6f8bd3854f269306d23dad4115089c84",
    "https://deno.land/std@0.198.0/path/mod.ts": "7765507696cb321994cdacfc19ee3ba61e8e3ebf4bd98fa75a276cf5dc18ce2a",
    "https://deno.land/std@0.198.0/path/normalize.ts": "7d992cd262b2deefa842d93a8ba2ed51f3949ba595b1d07f627ac2cddbc74808",
    "https://deno.land/std@0.198.0/path/parse.ts": "031fe488b3497fb8312fc1dc3c3d6c2d80707edd9c661e18ee9fd20f95edf322",
    "https://deno.land/std@0.198.0/path/posix.ts": "0a1c1952d132323a88736d03e92bd236f3ed5f9f079e5823fae07c8d978ee61b",
    "https://deno.land/std@0.198.0/path/relative.ts": "7db80c5035016174267da16321a742d76e875215c317859a383b12f413c6f5d6",
    "https://deno.land/std@0.198.0/path/resolve.ts": "103b62207726a27f28177f397008545804ecb20aaf00623af1f622b18cd80b9f",
    "https://deno.land/std@0.198.0/path/separator.ts": "0fb679739d0d1d7bf45b68dacfb4ec7563597a902edbaf3c59b50d5bcadd93b1",
    "https://deno.land/std@0.198.0/path/to_file_url.ts": "dd32f7a01bbf3b15b5df46796659984b372973d9b2d7d59bcf0eb990763a0cb5",
    "https://deno.land/std@0.198.0/path/to_namespaced_path.ts": "4e643ab729bf49ccdc166ad48d2de262ff462938fcf2a44a4425588f4a0bd690",
    "https://deno.land/std@0.198.0/path/win32.ts": "8b3f80ef7a462511d5e8020ff490edcaa0a0d118f1b1e9da50e2916bdd73f9dd",
    "https://deno.land/std@0.198.0/streams/_common.ts": "f45cba84f0d813de3326466095539602364a9ba521f804cc758f7a475cda692d",
    "https://deno.land/std@0.198.0/streams/buffer.ts": "6cd773d22cf21bb988a98cc551b5abfc4c3b03516f93eaa3fb6f2f6e16032deb",
    "https://deno.land/std@0.198.0/streams/byte_slice_stream.ts": "c46d7c74836fc8c1a9acd9fe211cbe1bbaaee1b36087c834fb03af4991135c3a",
    "https://deno.land/std@0.198.0/streams/copy.ts": "75cbc795ff89291df22ddca5252de88b2e16d40c85d02840593386a8a1454f71",
    "https://deno.land/std@0.198.0/streams/delimiter_stream.ts": "f69e849b3d1f59f02424497273f411105a6f76a9f13da92aeeb9a2d554236814",
    "https://deno.land/std@0.198.0/streams/early_zip_readable_streams.ts": "4005fa74162b943f79899e5d7cb96adcbc0a6b867f9144974ed12d30e0a556e1",
    "https://deno.land/std@0.198.0/streams/iterate_reader.ts": "bbec1d45c2df2c0c5920bad0549351446fdc8e0886d99e95959b259dbcdb6072",
    "https://deno.land/std@0.198.0/streams/limited_bytes_transform_stream.ts": "05dc592ffaab83257494d22dd53917e56243c26e5e3129b3f13ddbbbc4785048",
    "https://deno.land/std@0.198.0/streams/limited_transform_stream.ts": "d69ab790232c1b86f53621ad41ef03c235f2abb4b7a1cd51960ad6e12ee55e38",
    "https://deno.land/std@0.198.0/streams/merge_readable_streams.ts": "dc2db0cbf1b14d999aa2aa2a2a1ba24ce58953878f29845ed9319321d0a01fab",
    "https://deno.land/std@0.198.0/streams/mod.ts": "c07ec010e700b9ea887dc36ca08729828bc7912f711e4054e24d33fd46282252",
    "https://deno.land/std@0.198.0/streams/read_all.ts": "ee319772fb0fd28302f97343cc48dfcf948f154fd0d755d8efe65814b70533be",
    "https://deno.land/std@0.198.0/streams/readable_stream_from_iterable.ts": "a355e97ba8671a4611ae9671c1f33c4a7e6a1b42fbdc9a399338ac3d6f875364",
    "https://deno.land/std@0.198.0/streams/readable_stream_from_reader.ts": "bfc416c4576a30aac6b9af22c9dc292c20c6742141ee7c55b5e85460beb0c54e",
    "https://deno.land/std@0.198.0/streams/reader_from_iterable.ts": "55f68110dce3f8f2c87b834d95f153bc904257fc65175f9f2abe78455cb8047c",
    "https://deno.land/std@0.198.0/streams/reader_from_stream_reader.ts": "fa4971e5615a010e49492c5d1688ca1a4d17472a41e98b498ab89a64ebd7ac73",
    "https://deno.land/std@0.198.0/streams/text_delimiter_stream.ts": "20e680ab8b751390e359288ce764f9c47d164af11a263870746eeca4bc7d976b",
    "https://deno.land/std@0.198.0/streams/text_line_stream.ts": "0f2c4b33a5fdb2476f2e060974cba1347cefe99a4af33c28a57524b1a34750fa",
    "https://deno.land/std@0.198.0/streams/to_transform_stream.ts": "89fd367cafb3b6d80d61e2f4f1fcf66cc75723ecee8d474b495f022264ec6c3b",
    "https://deno.land/std@0.198.0/streams/writable_stream_from_writer.ts": "56fff5c82fb736fdd669b567cc0b2bbbe0351002cd13254eae26c366e2bed89a",
    "https://deno.land/std@0.198.0/streams/write_all.ts": "aec90152978581ea62d56bb53a5cbf487e6a89c902f87c5969681ffbdf32b998",
    "https://deno.land/std@0.198.0/streams/writer_from_stream_writer.ts": "07c7ee025151a190f37fc42cbb01ff93afc949119ebddc6e0d0df14df1bf6950",
    "https://deno.land/std@0.198.0/streams/zip_readable_streams.ts": "a9d81aa451240f79230add674809dbee038d93aabe286e2d9671e66591fc86ca",
    "https://deno.land/std@0.198.0/types.d.ts": "dbaeb2c4d7c526db9828fc8df89d8aecf53b9ced72e0c4568f97ddd8cda616a4",
    "https://deno.land/x/atlas_sdk@v1.1.1/auth_types.d.ts": "aab7332e7919c9732797b3298237d3c88fba06d93374299a4ada95f75b23e890",
    "https://deno.land/x/atlas_sdk@v1.1.1/client.ts": "f60e13e3efc0ded373b91c477810ac7a084b02a0ad6c70c24eeb1dfe178c0d4b",
    "https://deno.land/x/atlas_sdk@v1.1.1/deps.ts": "319e7d5748249b7f9d0ce9f89a3c9d42960c8de340d74b2be578d68ab2db5ba7",
    "https://deno.land/x/atlas_sdk@v1.1.1/mod.ts": "b0fcaecd9487ca16546fafa7a7dab2ba54ba056d56cc859993aaefd8a48aa391",
    "https://deno.land/x/grammy@v1.17.1/bot.ts": "c2834d8d84882f5d5292d54bb5ddc9a7e789bdca2d3a1851297f991d76b90e75",
    "https://deno.land/x/grammy@v1.17.1/composer.ts": "8660f86990f4ef2afc4854a1f2610bb8d60f88116f3a57c8e5515a77b277f82d",
    "https://deno.land/x/grammy@v1.17.1/context.ts": "7fe20f84637b5dd5ff2658a9e4fa0b84008480418a1196698f954eaa79583675",
    "https://deno.land/x/grammy@v1.17.1/convenience/constants.ts": "43543431827be02dcafcbca922c501a2f95e89cdc10623fd9dc0d6c5f8cf0002",
    "https://deno.land/x/grammy@v1.17.1/convenience/frameworks.ts": "d3c511d68050b8805c6fd14b0c69e81e1ee2ff749bbec573776c6e03a55a0cfa",
    "https://deno.land/x/grammy@v1.17.1/convenience/inline_query.ts": "409d1940c7670708064efa495003bcbfdf6763a756b2e6303c464489fd3394ff",
    "https://deno.land/x/grammy@v1.17.1/convenience/input_media.ts": "7af72a5fdb1af0417e31b1327003f536ddfdf64e06ab8bc7f5da6b574de38658",
    "https://deno.land/x/grammy@v1.17.1/convenience/keyboard.ts": "21220dc2321c40203c699fa4eb7b07ed8217956ea0477c241a551224a58a278d",
    "https://deno.land/x/grammy@v1.17.1/convenience/session.ts": "f9b7a0737cb813810731a3c29c3f5f84a457f493f9e7651e132daab9b58b08e9",
    "https://deno.land/x/grammy@v1.17.1/convenience/webhook.ts": "f1da7d6426171fb7b5d5f6b59633f91d3bab9a474eea821f714932650965eb9e",
    "https://deno.land/x/grammy@v1.17.1/core/api.ts": "fe30690fb5a32a663780ae28c02a97aeb134b6fc7bc056e32a32ffbd398b62ac",
    "https://deno.land/x/grammy@v1.17.1/core/client.ts": "8914f13b2cb69f16104a9711e4fea0a4500edd0950736dcc3ac078ab46f7a5ab",
    "https://deno.land/x/grammy@v1.17.1/core/error.ts": "4638b2127ebe60249c78b83011d468f5e1e1a87748d32fe11a8200d9f824ad13",
    "https://deno.land/x/grammy@v1.17.1/core/payload.ts": "420e17c3c2830b5576ea187cfce77578fe09f1204b25c25ea2f220ca7c86e73b",
    "https://deno.land/x/grammy@v1.17.1/filter.ts": "5cfa766b0105b5c04927472b7c9a5ed78a7a1bc1e6c537e45b667f8177ceeff8",
    "https://deno.land/x/grammy@v1.17.1/mod.ts": "b81cccf69779667b36bef5d0373d1567684917a3b9827873f3de7a7e6af1926f",
    "https://deno.land/x/grammy@v1.17.1/platform.deno.ts": "6ba4f12a4df6d2374aa94471db6138d2fe26dec19aa23e13d0794d8dc6e1772f",
    "https://deno.land/x/grammy@v1.17.1/types.deno.ts": "47059ef698d79a6edf853a6b9da8c93b8b7a9bf35ce500208a02a8bad3e33177",
    "https://deno.land/x/grammy@v1.17.1/types.ts": "729415590dfa188dbe924dea614dff4e976babdbabb28a307b869fc25777cdf0",
    "https://deno.land/x/grammy@v1.18.1/bot.ts": "ffce94b3a89ae0709239f444a47a3c3a83ad661db2ec20ec93f116e5c97d8da3",
    "https://deno.land/x/grammy@v1.18.1/composer.ts": "8660f86990f4ef2afc4854a1f2610bb8d60f88116f3a57c8e5515a77b277f82d",
    "https://deno.land/x/grammy@v1.18.1/context.ts": "bf5c2694645bc9b157084a3b6e0fb7e82b5c42c666b297db9258b021b4249361",
    "https://deno.land/x/grammy@v1.18.1/convenience/constants.ts": "43543431827be02dcafcbca922c501a2f95e89cdc10623fd9dc0d6c5f8cf0002",
    "https://deno.land/x/grammy@v1.18.1/convenience/frameworks.ts": "4d4e5ecdcb4f48d3b317c35d8201800c45002e1e195af1b5d7609617f4bdc656",
    "https://deno.land/x/grammy@v1.18.1/convenience/inline_query.ts": "409d1940c7670708064efa495003bcbfdf6763a756b2e6303c464489fd3394ff",
    "https://deno.land/x/grammy@v1.18.1/convenience/input_media.ts": "7af72a5fdb1af0417e31b1327003f536ddfdf64e06ab8bc7f5da6b574de38658",
    "https://deno.land/x/grammy@v1.18.1/convenience/keyboard.ts": "21220dc2321c40203c699fa4eb7b07ed8217956ea0477c241a551224a58a278d",
    "https://deno.land/x/grammy@v1.18.1/convenience/session.ts": "f9b7a0737cb813810731a3c29c3f5f84a457f493f9e7651e132daab9b58b08e9",
    "https://deno.land/x/grammy@v1.18.1/convenience/webhook.ts": "f1da7d6426171fb7b5d5f6b59633f91d3bab9a474eea821f714932650965eb9e",
    "https://deno.land/x/grammy@v1.18.1/core/api.ts": "7d4d8df3567e322ab3b793360ee48da09f46ad531ef994a87b3e6aef4ec23bf2",
    "https://deno.land/x/grammy@v1.18.1/core/client.ts": "8914f13b2cb69f16104a9711e4fea0a4500edd0950736dcc3ac078ab46f7a5ab",
    "https://deno.land/x/grammy@v1.18.1/core/error.ts": "4638b2127ebe60249c78b83011d468f5e1e1a87748d32fe11a8200d9f824ad13",
    "https://deno.land/x/grammy@v1.18.1/core/payload.ts": "420e17c3c2830b5576ea187cfce77578fe09f1204b25c25ea2f220ca7c86e73b",
    "https://deno.land/x/grammy@v1.18.1/filter.ts": "694f3a0d424ee30800f1023dfc7cb581676c313cef124c5b8988516e457607b5",
    "https://deno.land/x/grammy@v1.18.1/mod.ts": "b81cccf69779667b36bef5d0373d1567684917a3b9827873f3de7a7e6af1926f",
    "https://deno.land/x/grammy@v1.18.1/platform.deno.ts": "5de7245a7525f91abe8bd2918b3f24fee0e52c222a66cefec762507de472b331",
    "https://deno.land/x/grammy@v1.18.1/types.deno.ts": "9c8b1d7ba4c2dc2e9d3fc5417ed4ddf39eb46fb0e85a715e4dd5df162aee69ac",
    "https://deno.land/x/grammy@v1.18.1/types.ts": "729415590dfa188dbe924dea614dff4e976babdbabb28a307b869fc25777cdf0",
    "https://deno.land/x/grammy_conversations@v1.1.2/conversation.ts": "ad9d3918e8064c9a07a7151bc01d72786c91b23fa926e8fe12726d9df8c7d7cc",
    "https://deno.land/x/grammy_conversations@v1.1.2/deps.deno.ts": "c982798d7ca4cd3ebcd5a24319d03c5980dc47827b5a172a77022859abdb404e",
    "https://deno.land/x/grammy_conversations@v1.1.2/form.ts": "d2d527fdcb26eb489b4aa1a183ae3aa14bf185a375ebf7d5c6ab8360e8b0e170",
    "https://deno.land/x/grammy_conversations@v1.1.2/mod.ts": "4234b7a353ebb6770352c8b1fcafb0de40abd764cc44ae018f10b29c3a065b50",
    "https://deno.land/x/grammy_conversations@v1.1.2/utils.ts": "139ebe78dbf078d3bbf8cbc78ad286125a08e7e7895d4985fff7be9cef328e20",
    "https://deno.land/x/grammy_storages@v2.3.0/file/src/deps.deno.ts": "65635a56ce67279f8bcfb637b20b3f6643539caaa5db7277a776d8e461226a67",
    "https://deno.land/x/grammy_storages@v2.3.0/file/src/mod.ts": "465d480f9faea45ec0f4d983ea922910d323ad2d26051981ad3a006c171753bd",
    "https://deno.land/x/grammy_types@v3.1.2/api.ts": "efc90a31eb6f59ae5e7a4cf5838f46529e2fa6fa7e97a51a82dbd28afad21592",
    "https://deno.land/x/grammy_types@v3.1.2/inline.ts": "8b94cee32f193dc5c689202a78d6525f6c167cc3e10b5e568c0315f654654586",
    "https://deno.land/x/grammy_types@v3.1.2/manage.ts": "0872ba14a17318bc9a3b8911bea2f24e92bae84a9d0493251454a7b03c357614",
    "https://deno.land/x/grammy_types@v3.1.2/markup.ts": "73348ed0be8926a3057fe7d9e60212326b65bb0fe7848f3cf198dd0eb42734f4",
    "https://deno.land/x/grammy_types@v3.1.2/message.ts": "e21f2df52dd1948353a93db742bcc3b4deacf9f7117b70c358bde7042d79cf83",
    "https://deno.land/x/grammy_types@v3.1.2/methods.ts": "91d345f824360650c1c2aaaebb1bed8bab7df0bb38570cc7a5c58f9b7bb2c658",
    "https://deno.land/x/grammy_types@v3.1.2/mod.ts": "7b5f421b4fbb1761f7f0d68328eaddd515f3222ce3f3cdfbedd8d5a4781e91a7",
    "https://deno.land/x/grammy_types@v3.1.2/passport.ts": "e3fb63aec96510bcc317ef48fd25b435444b8f407502d7568c00fce15f2958fd",
    "https://deno.land/x/grammy_types@v3.1.2/payment.ts": "d23e9038c5b479b606e620dd84e3e67b6642ada110a962f2d5b5286e99ec7de5",
    "https://deno.land/x/grammy_types@v3.1.2/settings.ts": "5e989f5bd6c587d55673bd8052293869aa2f372e9223dd7f6e28632bfe021b6e",
    "https://deno.land/x/grammy_types@v3.1.2/update.ts": "b60c2aa5f8060a3fa429dda282cb5c7267899fa17bb9000e248f31abadfb5087",
    "https://deno.land/x/grammy_types@v3.2.0/api.ts": "efc90a31eb6f59ae5e7a4cf5838f46529e2fa6fa7e97a51a82dbd28afad21592",
    "https://deno.land/x/grammy_types@v3.2.0/inline.ts": "8b94cee32f193dc5c689202a78d6525f6c167cc3e10b5e568c0315f654654586",
    "https://deno.land/x/grammy_types@v3.2.0/manage.ts": "4cf900d9df3aec33b8786d1b43b14a03d51e2e7d5350197e4cd248578cf488be",
    "https://deno.land/x/grammy_types@v3.2.0/markup.ts": "7b547b79130a112f98fbd3f0f754c8bb926f7cab3040d244b5f597aea0e1ce09",
    "https://deno.land/x/grammy_types@v3.2.0/message.ts": "b10830ea9c8a905053b270d8614b1f4701b8f207a1b5a7f773b5f8e26fc43653",
    "https://deno.land/x/grammy_types@v3.2.0/methods.ts": "7e76c37452c40b1d62fc7ed28ea32300931fe54e51e9f3821d6167a7dd9b7bbb",
    "https://deno.land/x/grammy_types@v3.2.0/mod.ts": "7b5f421b4fbb1761f7f0d68328eaddd515f3222ce3f3cdfbedd8d5a4781e91a7",
    "https://deno.land/x/grammy_types@v3.2.0/passport.ts": "e3fb63aec96510bcc317ef48fd25b435444b8f407502d7568c00fce15f2958fd",
    "https://deno.land/x/grammy_types@v3.2.0/payment.ts": "d23e9038c5b479b606e620dd84e3e67b6642ada110a962f2d5b5286e99ec7de5",
    "https://deno.land/x/grammy_types@v3.2.0/settings.ts": "5e989f5bd6c587d55673bd8052293869aa2f372e9223dd7f6e28632bfe021b6e",
    "https://deno.land/x/grammy_types@v3.2.0/update.ts": "6d5ec6d1f6d2acf021f807f6bbf7d541487f30672cfab4700e7f935a490c3b78",
    "https://deno.land/x/httpcache@0.1.2/in_memory.ts": "9f7d2d1600f64934c45493bf300475f3edef8ca540da60f308bda32d30de849e",
    "https://deno.land/x/httpcache@0.1.2/mod.ts": "1247683a7e4f573759afb47709b2b5cd954986cfc4882ed7cc3a21b0e959be58",
    "https://deno.land/x/lru@1.0.2/mod.ts": "1d44b87c4d40ff33749ae5fd85fe234344e0dace835fdfeb48413edea9461159",
    "https://deno.land/x/media_types@v2.11.1/db.ts": "1eac2b1b57195e41d7e40d7b236a3adeb93b4fa18084b4c9db49144fe685c78d",
    "https://deno.land/x/media_types@v2.11.1/mod.ts": "1be09ec3626332f9fe52a8a9ede852bb76d2207f84bec1f1b16c10555478008f",
    "https://deno.land/x/oson@1.0.1/constructors.ts": "2b77dcdc8d8db5ece2860d1657f4dcef37dd761684f1d4b9535c7e56a0fbfcf6",
    "https://deno.land/x/oson@1.0.1/mod.ts": "54e494dc517ce0de6c727c25d9731ccc748e8646c883e922dc5d656f523a4e5b",
    "https://deno.land/x/oson@1.0.1/oson.ts": "ec3908ae5c9ceff7bfd869d95a2183b929b9d96fbff44b57d28d3b742d06a4a1",
    "https://deno.land/x/pix@v2.0.6/crc16.ts": "ce6726dd182f722807a860df0a33236bef4e21fae6c423e683240a1d73ceb266",
    "https://deno.land/x/pix@v2.0.6/mod.ts": "cfecca252eabb62219c855a59b9a2e4a36000053410dc4452543366c9cde2b6d",
    "https://deno.land/x/pix@v2.0.6/pix.ts": "8d3a2570f7a519e22a6fce20fc960c3d2ada56b69a2f7a424b5170572c951866",
    "https://deno.land/x/sift@0.6.0/mod.ts": "d156582201226616af9c27cf93ee06610fc907700dcc09802e3741d2b14042bd",
    "https://deno.land/x/web_bson@v0.3.0/mod.d.ts": "2e52e7b61cc0225d21c82c2ac74126c3f9af3c8002a54e094ea17b3cc7e599bc",
    "https://deno.land/x/web_bson@v0.3.0/mod.js": "8e14aecd31ee63abd30e2dbaa284b4b67abb7ba51fcef5b96af74727cb7c7940",
    "https://deno.land/x/zod@v3.22.2/ZodError.ts": "4de18ff525e75a0315f2c12066b77b5c2ae18c7c15ef7df7e165d63536fdf2ea",
    "https://deno.land/x/zod@v3.22.2/errors.ts": "5285922d2be9700cc0c70c95e4858952b07ae193aa0224be3cbd5cd5567eabef",
    "https://deno.land/x/zod@v3.22.2/external.ts": "a6cfbd61e9e097d5f42f8a7ed6f92f93f51ff927d29c9fbaec04f03cbce130fe",
    "https://deno.land/x/zod@v3.22.2/helpers/enumUtil.ts": "54efc393cc9860e687d8b81ff52e980def00fa67377ad0bf8b3104f8a5bf698c",
    "https://deno.land/x/zod@v3.22.2/helpers/errorUtil.ts": "7a77328240be7b847af6de9189963bd9f79cab32bbc61502a9db4fe6683e2ea7",
    "https://deno.land/x/zod@v3.22.2/helpers/parseUtil.ts": "f791e6e65a0340d85ad37d26cd7a3ba67126cd9957eac2b7163162155283abb1",
    "https://deno.land/x/zod@v3.22.2/helpers/partialUtil.ts": "998c2fe79795257d4d1cf10361e74492f3b7d852f61057c7c08ac0a46488b7e7",
    "https://deno.land/x/zod@v3.22.2/helpers/typeAliases.ts": "0fda31a063c6736fc3cf9090dd94865c811dfff4f3cb8707b932bf937c6f2c3e",
    "https://deno.land/x/zod@v3.22.2/helpers/util.ts": "8baf19b19b2fca8424380367b90364b32503b6b71780269a6e3e67700bb02774",
    "https://deno.land/x/zod@v3.22.2/index.ts": "d27aabd973613985574bc31f39e45cb5d856aa122ef094a9f38a463b8ef1a268",
    "https://deno.land/x/zod@v3.22.2/locales/en.ts": "a7a25cd23563ccb5e0eed214d9b31846305ddbcdb9c5c8f508b108943366ab4c",
    "https://deno.land/x/zod@v3.22.2/mod.ts": "64e55237cb4410e17d968cd08975566059f27638ebb0b86048031b987ba251c4",
    "https://deno.land/x/zod@v3.22.2/types.ts": "18cbe3d895f42977c43fa9411da214b06d0d682cf2f4c9dd26cc8c3737740d40",
    "https://esm.sh/common-tags@1.8.2": "8ac30af4e72dc6e0ec0cec9559de54cb8558b99f1798fd710e1777009e1114ee",
    "https://esm.sh/common-tags@2.0.0-alpha.1/": "e546ed2a0eace64a3d8ea59645aef4f8b3bbbc1d1517bff2a1286ca8eeb25fe6",
    "https://esm.sh/mathjs@11.6.0": "1de27b7f409f2e1f2ae8ce1afc0db1a6e080004c0aa9a3b59cb3969d43e36e87",
    "https://esm.sh/mathjs@11.9.1/": "e0b2018a502f94fef14a56e124fa388f493a4f382911d45ba186c0405ae5f5d3",
    "https://esm.sh/preact-render-to-string@5.2.4?target=deno": "6cb0040b844067a8d47d60513ee25fcba04ad4631cba025bd82092031b9934d5",
    "https://esm.sh/preact@10.10.6?target=deno": "1e29f08f3e8ad648c83062cbb69e040235a18441c8b2e58aac3d82b39393bba2",
    "https://esm.sh/stable/preact@10.10.6/deno/preact.mjs": "8c7289f4add6fb4e6f9066a7f39b59e61254e32ed8204551b6499aed333921fb",
    "https://esm.sh/stable/preact@10.15.1/deno/preact.mjs": "be338d88b534f38e846474c5d981f65a35f1ae031bbba11aa3681c501c73134d",
    "https://esm.sh/v118/preact@10.10.6/src/index.d.ts": "d3e2e5125321d592d2458226f311de66411f2fa949e546cbaaefa533c4fb89e3",
    "https://esm.sh/v118/preact@10.10.6/src/jsx.d.ts": "1bb7de31d64cc39b3b07613dc39bff42199ffec4b97ac9168a86f4747a3ec669",
    "https://esm.sh/v118/preact@10.15.1/src/index.d.ts": "fa83186a4b6caca36d52ca2d49b481c3ca5460988d4a8388d44dadc28987fb27",
    "https://esm.sh/v118/preact@10.15.1/src/jsx.d.ts": "a6e4b7e4af3b959f8cfd41a0f475c547807ebcec8524d9605ab5c6de79f302fa",
    "https://esm.sh/v127/@babel/runtime@7.22.5/denonext/helpers/defineProperty.js": "5da9a591ae62e1281184d07cc50852c2ccada52719dbe797d30a0b9e7c59d53f",
    "https://esm.sh/v127/@babel/runtime@7.22.5/denonext/helpers/extends.js": "5751688edb9494475b796e418967ca66b1b3d01f2248ff89a30bbc3c53cea98c",
    "https://esm.sh/v127/@types/common-tags@1.8.1/index.d.ts": "c5590caef278ad8ba2532ec93e29a32ac354dfb333277348acce18512891d3b2",
    "https://esm.sh/v127/common-tags@1.8.2/denonext/common-tags.mjs": "5938099f0dfeea9540d8b855e05edcd3d3524df21354263cbcceba83fabfbbfc",
    "https://esm.sh/v127/complex.js@2.1.1/denonext/complex.mjs": "cd8dd7e40bfea21e8fe5aa16e64e5829ff0103679e9601d92c39af62cf6c5012",
    "https://esm.sh/v127/decimal.js@10.4.3/decimal.d.ts": "ab36d275321433fe3d1d7f21ff0a45e064d867fa66e05130a6888efc4d811a0f",
    "https://esm.sh/v127/decimal.js@10.4.3/denonext/decimal.mjs": "ece864b80732112b324aed7fd89ec03128627206e1e4b30057651f495b594dee",
    "https://esm.sh/v127/escape-latex@1.2.0/denonext/escape-latex.mjs": "e9b62f3bee3c958556935517587e7c9b9af527df608229f3308b448f8849ab42",
    "https://esm.sh/v127/fraction.js@4.2.0/denonext/fraction.mjs": "98660bf00f4b38391a66d6de75dbf96bf54e02c630237ed91683e2768f6964f8",
    "https://esm.sh/v127/javascript-natural-sort@0.7.1/denonext/javascript-natural-sort.mjs": "e133fc88446cfe429a3ff4ab9b430f7fd1a986508eed0dca769029d238a04867",
    "https://esm.sh/v127/mathjs@11.6.0/denonext/mathjs.mjs": "5f350ee4bd3730fda6b8a78617ec6fda88be473cbd23dc380e5b182a7a4e6c66",
    "https://esm.sh/v127/mathjs@11.6.0/types/index.d.ts": "0e6ba90bdd374f4adde51050c872fbe917f268398422134b4774d0bb69d34721",
    "https://esm.sh/v127/preact-render-to-string@5.2.4/deno/preact-render-to-string.mjs": "4a48badf59924ee5dac4cfa28cdd4b8143f79f247eabca0397370e146e3b2944",
    "https://esm.sh/v127/preact-render-to-string@5.2.4/src/index.d.ts": "2b57d30ce7e48739f3d93c3ec51bfd6241e780f8f648675390bd70dc8dce92b9",
    "https://esm.sh/v127/seedrandom@3.0.5/denonext/seedrandom.mjs": "cf4069e842b0324889378cb4922d03f3d8ed42cfadd1410a6b7ea8515693058f",
    "https://esm.sh/v127/tiny-emitter@2.1.0/denonext/tiny-emitter.mjs": "79b571113894d768c162683df81c971a94b721d75c435fb40723bcedc06cae0e",
    "https://esm.sh/v127/typed-function@4.1.0/denonext/typed-function.mjs": "7c11eebcbf5e011508aae1ce48bd64372cd2e0f03ba7363c218e66406723ea7b",
    "https://esm.sh/v130/@babel/runtime@7.22.10/denonext/helpers/defineProperty.js": "a64f44a2b3d7118dd460e76bfb62e753ec7adf18fd29886ef2df657bb4deb266",
    "https://esm.sh/v130/@babel/runtime@7.22.10/denonext/helpers/extends.js": "09271c1358721fa5415b2596ecfe67674bacc2be3d42ee61c0bebd968accebb5",
    "https://esm.sh/v130/complex.js@2.1.1/denonext/complex.mjs": "cd8dd7e40bfea21e8fe5aa16e64e5829ff0103679e9601d92c39af62cf6c5012",
    "https://esm.sh/v130/decimal.js@10.4.3/decimal.d.ts": "ab36d275321433fe3d1d7f21ff0a45e064d867fa66e05130a6888efc4d811a0f",
    "https://esm.sh/v130/decimal.js@10.4.3/denonext/decimal.mjs": "ece864b80732112b324aed7fd89ec03128627206e1e4b30057651f495b594dee",
    "https://esm.sh/v130/escape-latex@1.2.0/denonext/escape-latex.mjs": "e9b62f3bee3c958556935517587e7c9b9af527df608229f3308b448f8849ab42",
    "https://esm.sh/v130/fraction.js@4.2.0/denonext/fraction.mjs": "98660bf00f4b38391a66d6de75dbf96bf54e02c630237ed91683e2768f6964f8",
    "https://esm.sh/v130/javascript-natural-sort@0.7.1/denonext/javascript-natural-sort.mjs": "e133fc88446cfe429a3ff4ab9b430f7fd1a986508eed0dca769029d238a04867",
    "https://esm.sh/v130/mathjs@11.9.1/denonext/mathjs.mjs": "a14a2cd0134ac5bef1307245d2abab141c8976891530ed15ecd74e043676f305",
    "https://esm.sh/v130/mathjs@11.9.1/types/index.d.ts": "b4ce6240646b86d4b85c3bb549f39819f611203cd2cf7f97c5127a20be9ea28b",
    "https://esm.sh/v130/seedrandom@3.0.5/denonext/seedrandom.mjs": "cf4069e842b0324889378cb4922d03f3d8ed42cfadd1410a6b7ea8515693058f",
    "https://esm.sh/v130/tiny-emitter@2.1.0/denonext/tiny-emitter.mjs": "79b571113894d768c162683df81c971a94b721d75c435fb40723bcedc06cae0e",
    "https://esm.sh/v130/typed-function@4.1.0/denonext/typed-function.mjs": "7c11eebcbf5e011508aae1ce48bd64372cd2e0f03ba7363c218e66406723ea7b",
    "https://esm.sh/v131/@types/common-tags@1.8.1/index.d.ts": "c5590caef278ad8ba2532ec93e29a32ac354dfb333277348acce18512891d3b2",
    "https://esm.sh/v131/common-tags@2.0.0-alpha.1/denonext/common-tags.mjs": "45112cfb7a0c54b3af56f3bf31db28d1fdd2591456f3413bbe3c74304902b5c2",
    "https://raw.githubusercontent.com/denorg/qrcode/87101e061a7b1f9f9d5ddb304ca8c9e99262e9e1/mod.ts": "2104c34967c7a95093c0cd1068d5b45d79ead16637ca62b3116adad834adc326",
    "https://raw.githubusercontent.com/denorg/qrcode/87101e061a7b1f9f9d5ddb304ca8c9e99262e9e1/qrcode.d.ts": "a61fcfcecafbcfdff4d6623e82cc817cfd955b354015d39dc004dcc9dff660f5",
    "https://raw.githubusercontent.com/denorg/qrcode/87101e061a7b1f9f9d5ddb304ca8c9e99262e9e1/qrcode.js": "138f870978e21843f48d8b0855b69de6ebf430c3ab9f57c3fa2746d6fba45bf1"
  }
}
